
Microsoft Visual Studio Solution File, Format Version 12.00
# Visual Studio Version 17
VisualStudioVersion = 17.5.33424.131
MinimumVisualStudioVersion = 10.0.40219.1
Project("{FAE04EC0-301F-11D3-BF4B-00C04F79EFBC}") = "Ejemplo_5", "Ejemplo_5.csproj", "{42951D5A-CB9D-4BE2-A557-B56EC24323B0}"
EndProject
Global
	GlobalSection(SolutionConfigurationPlatforms) = preSolution
		Debug|Any CPU = Debug|Any CPU
		Release|Any CPU = Release|Any CPU
	EndGlobalSection
	GlobalSection(ProjectConfigurationPlatforms) = postSolution
		{42951D5A-CB9D-4BE2-A557-B56EC24323B0}.Debug|Any CPU.ActiveCfg = Debug|Any CPU
		{42951D5A-CB9D-4BE2-A557-B56EC24323B0}.Debug|Any CPU.Build.0 = Debug|Any CPU
		{42951D5A-CB9D-4BE2-A557-B56EC24323B0}.Release|Any CPU.ActiveCfg = Release|Any CPU
		{42951D5A-CB9D-4BE2-A557-B56EC24323B0}.Release|Any CPU.Build.0 = Release|Any CPU
	EndGlobalSection
	GlobalSection(SolutionProperties) = preSolution
		HideSolutionNode = FALSE
	EndGlobalSection
	GlobalSection(ExtensibilityGlobals) = postSolution
		SolutionGuid = {6F89E1E6-3910-435E-BD09-47CADAC6BBEB}
	EndGlobalSection
EndGlobal
