
Microsoft Visual Studio Solution File, Format Version 12.00
# Visual Studio Version 16
VisualStudioVersion = 16.0.33801.447
MinimumVisualStudioVersion = 10.0.40219.1
Project("{FAE04EC0-301F-11D3-BF4B-00C04F79EFBC}") = "SitioWeb", "SitioWeb.csproj", "{D9484736-676D-4D6F-8CF4-F2EFD3AAE293}"
EndProject
Global
	GlobalSection(SolutionConfigurationPlatforms) = preSolution
		Debug|Any CPU = Debug|Any CPU
		Release|Any CPU = Release|Any CPU
	EndGlobalSection
	GlobalSection(ProjectConfigurationPlatforms) = postSolution
		{D9484736-676D-4D6F-8CF4-F2EFD3AAE293}.Debug|Any CPU.ActiveCfg = Debug|Any CPU
		{D9484736-676D-4D6F-8CF4-F2EFD3AAE293}.Debug|Any CPU.Build.0 = Debug|Any CPU
		{D9484736-676D-4D6F-8CF4-F2EFD3AAE293}.Release|Any CPU.ActiveCfg = Release|Any CPU
		{D9484736-676D-4D6F-8CF4-F2EFD3AAE293}.Release|Any CPU.Build.0 = Release|Any CPU
	EndGlobalSection
	GlobalSection(SolutionProperties) = preSolution
		HideSolutionNode = FALSE
	EndGlobalSection
	GlobalSection(ExtensibilityGlobals) = postSolution
		SolutionGuid = {3ECE3A32-3A86-4DF8-8490-7232E0BA8CE1}
	EndGlobalSection
EndGlobal
