
Microsoft Visual Studio Solution File, Format Version 12.00
# Visual Studio Version 17
VisualStudioVersion = 17.5.33424.131
MinimumVisualStudioVersion = 10.0.40219.1
Project("{FAE04EC0-301F-11D3-BF4B-00C04F79EFBC}") = "Ejemplo_4", "Ejemplo_4.csproj", "{2A6BB4AA-1F5E-4D6A-B615-B3D8EDA4305B}"
EndProject
Global
	GlobalSection(SolutionConfigurationPlatforms) = preSolution
		Debug|Any CPU = Debug|Any CPU
		Release|Any CPU = Release|Any CPU
	EndGlobalSection
	GlobalSection(ProjectConfigurationPlatforms) = postSolution
		{2A6BB4AA-1F5E-4D6A-B615-B3D8EDA4305B}.Debug|Any CPU.ActiveCfg = Debug|Any CPU
		{2A6BB4AA-1F5E-4D6A-B615-B3D8EDA4305B}.Debug|Any CPU.Build.0 = Debug|Any CPU
		{2A6BB4AA-1F5E-4D6A-B615-B3D8EDA4305B}.Release|Any CPU.ActiveCfg = Release|Any CPU
		{2A6BB4AA-1F5E-4D6A-B615-B3D8EDA4305B}.Release|Any CPU.Build.0 = Release|Any CPU
	EndGlobalSection
	GlobalSection(SolutionProperties) = preSolution
		HideSolutionNode = FALSE
	EndGlobalSection
	GlobalSection(ExtensibilityGlobals) = postSolution
		SolutionGuid = {E61BFCC2-823D-4469-9562-59F8F416CD49}
	EndGlobalSection
EndGlobal
